// !$*UTF8*$!
{
	archiveVersion = 1;
	classes = {
	};
	objectVersion = 56;
	objects = {

/* Begin PBXBuildFile section */
		A44B92D92B616084002060A5 /* AppDelegate.swift in Sources */ = {isa = PBXBuildFile; fileRef = A44B92D82B616084002060A5 /* AppDelegate.swift */; };
		A44B92DB2B616084002060A5 /* SceneDelegate.swift in Sources */ = {isa = PBXBuildFile; fileRef = A44B92DA2B616084002060A5 /* SceneDelegate.swift */; };
		A44B92DD2B616084002060A5 /* ViewController.swift in Sources */ = {isa = PBXBuildFile; fileRef = A44B92DC2B616084002060A5 /* ViewController.swift */; };
		A44B92E52B616085002060A5 /* Assets.xcassets in Resources */ = {isa = PBXBuildFile; fileRef = A44B92E42B616085002060A5 /* Assets.xcassets */; };
		A44B92E82B616085002060A5 /* LaunchScreen.storyboard in Resources */ = {isa = PBXBuildFile; fileRef = A44B92E62B616085002060A5 /* LaunchScreen.storyboard */; };
		A44B92F02B61625D002060A5 /* LoginViewController.swift in Sources */ = {isa = PBXBuildFile; fileRef = A44B92EF2B61625D002060A5 /* LoginViewController.swift */; };
		A44B92F22B61628B002060A5 /* Auth.storyboard in Resources */ = {isa = PBXBuildFile; fileRef = A44B92F12B61628B002060A5 /* Auth.storyboard */; };
		A44B92F42B616FC8002060A5 /* RegisterViewController.swift in Sources */ = {isa = PBXBuildFile; fileRef = A44B92F32B616FC8002060A5 /* RegisterViewController.swift */; };
		A44B92F72B63B7A1002060A5 /* Realm in Frameworks */ = {isa = PBXBuildFile; productRef = A44B92F62B63B7A1002060A5 /* Realm */; };
		A44B92F92B63B7A1002060A5 /* RealmSwift in Frameworks */ = {isa = PBXBuildFile; productRef = A44B92F82B63B7A1002060A5 /* RealmSwift */; };
		A44B92FB2B63C863002060A5 /* Users.swift in Sources */ = {isa = PBXBuildFile; fileRef = A44B92FA2B63C863002060A5 /* Users.swift */; };
		A48A4E3F2B67DAEC00221B67 /* App.storyboard in Resources */ = {isa = PBXBuildFile; fileRef = A48A4E3E2B67DAEC00221B67 /* App.storyboard */; };
		A48A4E412B67DB4800221B67 /* HomeViewController.swift in Sources */ = {isa = PBXBuildFile; fileRef = A48A4E402B67DB4800221B67 /* HomeViewController.swift */; };
		A48A4E432B67DB5D00221B67 /* MoreViewController.swift in Sources */ = {isa = PBXBuildFile; fileRef = A48A4E422B67DB5D00221B67 /* MoreViewController.swift */; };
		A48A4E452B67DCE900221B67 /* TabBarViewController.swift in Sources */ = {isa = PBXBuildFile; fileRef = A48A4E442B67DCE900221B67 /* TabBarViewController.swift */; };
		A48A4E502B6A67AA00221B67 /* MainCollectionViewCell.swift in Sources */ = {isa = PBXBuildFile; fileRef = A48A4E4E2B6A67AA00221B67 /* MainCollectionViewCell.swift */; };
		A48A4E512B6A67AA00221B67 /* MainCollectionViewCell.xib in Resources */ = {isa = PBXBuildFile; fileRef = A48A4E4F2B6A67AA00221B67 /* MainCollectionViewCell.xib */; };
		A48A4E542B6A6A7800221B67 /* CardCollectionViewCell.swift in Sources */ = {isa = PBXBuildFile; fileRef = A48A4E522B6A6A7800221B67 /* CardCollectionViewCell.swift */; };
		A48A4E552B6A6A7800221B67 /* CardCollectionViewCell.xib in Resources */ = {isa = PBXBuildFile; fileRef = A48A4E532B6A6A7800221B67 /* CardCollectionViewCell.xib */; };
		A48A4E572B6A766800221B67 /* UserDefaultsHelper.swift in Sources */ = {isa = PBXBuildFile; fileRef = A48A4E562B6A766800221B67 /* UserDefaultsHelper.swift */; };
		A48A4E5A2B6A935C00221B67 /* QuickActionCell.swift in Sources */ = {isa = PBXBuildFile; fileRef = A48A4E582B6A935C00221B67 /* QuickActionCell.swift */; };
		A48A4E5B2B6A935C00221B67 /* QuickActionCell.xib in Resources */ = {isa = PBXBuildFile; fileRef = A48A4E592B6A935C00221B67 /* QuickActionCell.xib */; };
		A48A4E5E2B6A956800221B67 /* QuickActionCollectionViewCell.swift in Sources */ = {isa = PBXBuildFile; fileRef = A48A4E5C2B6A956800221B67 /* QuickActionCollectionViewCell.swift */; };
		A48A4E5F2B6A956800221B67 /* QuickActionCollectionViewCell.xib in Resources */ = {isa = PBXBuildFile; fileRef = A48A4E5D2B6A956800221B67 /* QuickActionCollectionViewCell.xib */; };
		A48A4E642B70363800221B67 /* TransferViewController.swift in Sources */ = {isa = PBXBuildFile; fileRef = A48A4E622B70363800221B67 /* TransferViewController.swift */; };
		A48A4E652B70363800221B67 /* TransferViewController.xib in Resources */ = {isa = PBXBuildFile; fileRef = A48A4E632B70363800221B67 /* TransferViewController.xib */; };
		A4A79CF82B81F8450099FE1D /* Card.swift in Sources */ = {isa = PBXBuildFile; fileRef = A4A79CF72B81F8450099FE1D /* Card.swift */; };
		A4A79CFB2B81FD0A0099FE1D /* EmptyCardCell.swift in Sources */ = {isa = PBXBuildFile; fileRef = A4A79CF92B81FD0A0099FE1D /* EmptyCardCell.swift */; };
		A4A79CFC2B81FD0A0099FE1D /* EmptyCardCell.xib in Resources */ = {isa = PBXBuildFile; fileRef = A4A79CFA2B81FD0A0099FE1D /* EmptyCardCell.xib */; };
		A4A79D002B83B3E10099FE1D /* ActionCellModel.swift in Sources */ = {isa = PBXBuildFile; fileRef = A4A79CFF2B83B3E10099FE1D /* ActionCellModel.swift */; };
		A4A79D022B8789F30099FE1D /* AddCardViewController.swift in Sources */ = {isa = PBXBuildFile; fileRef = A4A79D012B8789F30099FE1D /* AddCardViewController.swift */; };
		A4A79D042B88D65A0099FE1D /* LoanViewController.swift in Sources */ = {isa = PBXBuildFile; fileRef = A4A79D032B88D65A0099FE1D /* LoanViewController.swift */; };
		A4A79D072B88DC580099FE1D /* LoanCollectionViewCell.swift in Sources */ = {isa = PBXBuildFile; fileRef = A4A79D052B88DC580099FE1D /* LoanCollectionViewCell.swift */; };
		A4A79D082B88DC580099FE1D /* LoanCollectionViewCell.xib in Resources */ = {isa = PBXBuildFile; fileRef = A4A79D062B88DC580099FE1D /* LoanCollectionViewCell.xib */; };
		A4A79D0A2B891DEA0099FE1D /* LoanModel.swift in Sources */ = {isa = PBXBuildFile; fileRef = A4A79D092B891DEA0099FE1D /* LoanModel.swift */; };
		A4A79D0C2B8922530099FE1D /* DeleteCardViewController.swift in Sources */ = {isa = PBXBuildFile; fileRef = A4A79D0B2B8922530099FE1D /* DeleteCardViewController.swift */; };
		A4A79D0E2B8A7E770099FE1D /* MoreTableViewCell.swift in Sources */ = {isa = PBXBuildFile; fileRef = A4A79D0D2B8A7E770099FE1D /* MoreTableViewCell.swift */; };
		A4A79D132B8A92EE0099FE1D /* SWXMLHash in Frameworks */ = {isa = PBXBuildFile; productRef = A4A79D122B8A92EE0099FE1D /* SWXMLHash */; };
		A4EF1D322B713011009EE592 /* Extension.swift in Sources */ = {isa = PBXBuildFile; fileRef = A4EF1D312B713011009EE592 /* Extension.swift */; };
/* End PBXBuildFile section */

/* Begin PBXFileReference section */
		A44B92D52B616084002060A5 /* bankingAppClass.app */ = {isa = PBXFileReference; explicitFileType = wrapper.application; includeInIndex = 0; path = bankingAppClass.app; sourceTree = BUILT_PRODUCTS_DIR; };
		A44B92D82B616084002060A5 /* AppDelegate.swift */ = {isa = PBXFileReference; lastKnownFileType = sourcecode.swift; path = AppDelegate.swift; sourceTree = "<group>"; };
		A44B92DA2B616084002060A5 /* SceneDelegate.swift */ = {isa = PBXFileReference; lastKnownFileType = sourcecode.swift; path = SceneDelegate.swift; sourceTree = "<group>"; };
		A44B92DC2B616084002060A5 /* ViewController.swift */ = {isa = PBXFileReference; lastKnownFileType = sourcecode.swift; path = ViewController.swift; sourceTree = "<group>"; };
		A44B92E42B616085002060A5 /* Assets.xcassets */ = {isa = PBXFileReference; lastKnownFileType = folder.assetcatalog; path = Assets.xcassets; sourceTree = "<group>"; };
		A44B92E72B616085002060A5 /* Base */ = {isa = PBXFileReference; lastKnownFileType = file.storyboard; name = Base; path = Base.lproj/LaunchScreen.storyboard; sourceTree = "<group>"; };
		A44B92E92B616085002060A5 /* Info.plist */ = {isa = PBXFileReference; lastKnownFileType = text.plist.xml; path = Info.plist; sourceTree = "<group>"; };
		A44B92EF2B61625D002060A5 /* LoginViewController.swift */ = {isa = PBXFileReference; lastKnownFileType = sourcecode.swift; path = LoginViewController.swift; sourceTree = "<group>"; };
		A44B92F12B61628B002060A5 /* Auth.storyboard */ = {isa = PBXFileReference; lastKnownFileType = file.storyboard; path = Auth.storyboard; sourceTree = "<group>"; };
		A44B92F32B616FC8002060A5 /* RegisterViewController.swift */ = {isa = PBXFileReference; lastKnownFileType = sourcecode.swift; path = RegisterViewController.swift; sourceTree = "<group>"; };
		A44B92FA2B63C863002060A5 /* Users.swift */ = {isa = PBXFileReference; lastKnownFileType = sourcecode.swift; path = Users.swift; sourceTree = "<group>"; };
		A48A4E3E2B67DAEC00221B67 /* App.storyboard */ = {isa = PBXFileReference; lastKnownFileType = file.storyboard; path = App.storyboard; sourceTree = "<group>"; };
		A48A4E402B67DB4800221B67 /* HomeViewController.swift */ = {isa = PBXFileReference; lastKnownFileType = sourcecode.swift; path = HomeViewController.swift; sourceTree = "<group>"; };
		A48A4E422B67DB5D00221B67 /* MoreViewController.swift */ = {isa = PBXFileReference; lastKnownFileType = sourcecode.swift; path = MoreViewController.swift; sourceTree = "<group>"; };
		A48A4E442B67DCE900221B67 /* TabBarViewController.swift */ = {isa = PBXFileReference; lastKnownFileType = sourcecode.swift; path = TabBarViewController.swift; sourceTree = "<group>"; };
		A48A4E4E2B6A67AA00221B67 /* MainCollectionViewCell.swift */ = {isa = PBXFileReference; lastKnownFileType = sourcecode.swift; path = MainCollectionViewCell.swift; sourceTree = "<group>"; };
		A48A4E4F2B6A67AA00221B67 /* MainCollectionViewCell.xib */ = {isa = PBXFileReference; lastKnownFileType = file.xib; path = MainCollectionViewCell.xib; sourceTree = "<group>"; };
		A48A4E522B6A6A7800221B67 /* CardCollectionViewCell.swift */ = {isa = PBXFileReference; lastKnownFileType = sourcecode.swift; path = CardCollectionViewCell.swift; sourceTree = "<group>"; };
		A48A4E532B6A6A7800221B67 /* CardCollectionViewCell.xib */ = {isa = PBXFileReference; lastKnownFileType = file.xib; path = CardCollectionViewCell.xib; sourceTree = "<group>"; };
		A48A4E562B6A766800221B67 /* UserDefaultsHelper.swift */ = {isa = PBXFileReference; lastKnownFileType = sourcecode.swift; path = UserDefaultsHelper.swift; sourceTree = "<group>"; };
		A48A4E582B6A935C00221B67 /* QuickActionCell.swift */ = {isa = PBXFileReference; lastKnownFileType = sourcecode.swift; path = QuickActionCell.swift; sourceTree = "<group>"; };
		A48A4E592B6A935C00221B67 /* QuickActionCell.xib */ = {isa = PBXFileReference; lastKnownFileType = file.xib; path = QuickActionCell.xib; sourceTree = "<group>"; };
		A48A4E5C2B6A956800221B67 /* QuickActionCollectionViewCell.swift */ = {isa = PBXFileReference; lastKnownFileType = sourcecode.swift; path = QuickActionCollectionViewCell.swift; sourceTree = "<group>"; };
		A48A4E5D2B6A956800221B67 /* QuickActionCollectionViewCell.xib */ = {isa = PBXFileReference; lastKnownFileType = file.xib; path = QuickActionCollectionViewCell.xib; sourceTree = "<group>"; };
		A48A4E622B70363800221B67 /* TransferViewController.swift */ = {isa = PBXFileReference; lastKnownFileType = sourcecode.swift; path = TransferViewController.swift; sourceTree = "<group>"; };
		A48A4E632B70363800221B67 /* TransferViewController.xib */ = {isa = PBXFileReference; lastKnownFileType = file.xib; path = TransferViewController.xib; sourceTree = "<group>"; };
		A4A79CF72B81F8450099FE1D /* Card.swift */ = {isa = PBXFileReference; lastKnownFileType = sourcecode.swift; path = Card.swift; sourceTree = "<group>"; };
		A4A79CF92B81FD0A0099FE1D /* EmptyCardCell.swift */ = {isa = PBXFileReference; lastKnownFileType = sourcecode.swift; path = EmptyCardCell.swift; sourceTree = "<group>"; };
		A4A79CFA2B81FD0A0099FE1D /* EmptyCardCell.xib */ = {isa = PBXFileReference; lastKnownFileType = file.xib; path = EmptyCardCell.xib; sourceTree = "<group>"; };
		A4A79CFF2B83B3E10099FE1D /* ActionCellModel.swift */ = {isa = PBXFileReference; lastKnownFileType = sourcecode.swift; path = ActionCellModel.swift; sourceTree = "<group>"; };
		A4A79D012B8789F30099FE1D /* AddCardViewController.swift */ = {isa = PBXFileReference; lastKnownFileType = sourcecode.swift; path = AddCardViewController.swift; sourceTree = "<group>"; };
		A4A79D032B88D65A0099FE1D /* LoanViewController.swift */ = {isa = PBXFileReference; lastKnownFileType = sourcecode.swift; path = LoanViewController.swift; sourceTree = "<group>"; };
		A4A79D052B88DC580099FE1D /* LoanCollectionViewCell.swift */ = {isa = PBXFileReference; lastKnownFileType = sourcecode.swift; path = LoanCollectionViewCell.swift; sourceTree = "<group>"; };
		A4A79D062B88DC580099FE1D /* LoanCollectionViewCell.xib */ = {isa = PBXFileReference; lastKnownFileType = file.xib; path = LoanCollectionViewCell.xib; sourceTree = "<group>"; };
		A4A79D092B891DEA0099FE1D /* LoanModel.swift */ = {isa = PBXFileReference; lastKnownFileType = sourcecode.swift; path = LoanModel.swift; sourceTree = "<group>"; };
		A4A79D0B2B8922530099FE1D /* DeleteCardViewController.swift */ = {isa = PBXFileReference; lastKnownFileType = sourcecode.swift; path = DeleteCardViewController.swift; sourceTree = "<group>"; };
		A4A79D0D2B8A7E770099FE1D /* MoreTableViewCell.swift */ = {isa = PBXFileReference; lastKnownFileType = sourcecode.swift; path = MoreTableViewCell.swift; sourceTree = "<group>"; };
		A4EF1D312B713011009EE592 /* Extension.swift */ = {isa = PBXFileReference; lastKnownFileType = sourcecode.swift; path = Extension.swift; sourceTree = "<group>"; };
/* End PBXFileReference section */

/* Begin PBXFrameworksBuildPhase section */
		A44B92D22B616084002060A5 /* Frameworks */ = {
			isa = PBXFrameworksBuildPhase;
			buildActionMask = 2147483647;
			files = (
				A4A79D132B8A92EE0099FE1D /* SWXMLHash in Frameworks */,
				A44B92F92B63B7A1002060A5 /* RealmSwift in Frameworks */,
				A44B92F72B63B7A1002060A5 /* Realm in Frameworks */,
			);
			runOnlyForDeploymentPostprocessing = 0;
		};
/* End PBXFrameworksBuildPhase section */

/* Begin PBXGroup section */
		A428853C2B8C7EE700902AA4 /* QuickAcrion */ = {
			isa = PBXGroup;
			children = (
				A4A79D0B2B8922530099FE1D /* DeleteCardViewController.swift */,
				A4A79D012B8789F30099FE1D /* AddCardViewController.swift */,
				A4A79CFF2B83B3E10099FE1D /* ActionCellModel.swift */,
				A48A4E582B6A935C00221B67 /* QuickActionCell.swift */,
				A48A4E5C2B6A956800221B67 /* QuickActionCollectionViewCell.swift */,
				A48A4E592B6A935C00221B67 /* QuickActionCell.xib */,
				A48A4E5D2B6A956800221B67 /* QuickActionCollectionViewCell.xib */,
			);
			path = QuickAcrion;
			sourceTree = "<group>";
		};
		A428853D2B8C7F3000902AA4 /* Auth */ = {
			isa = PBXGroup;
			children = (
				A44B92EF2B61625D002060A5 /* LoginViewController.swift */,
				A44B92F32B616FC8002060A5 /* RegisterViewController.swift */,
				A44B92F12B61628B002060A5 /* Auth.storyboard */,
			);
			path = Auth;
			sourceTree = "<group>";
		};
		A428853E2B8C7F6D00902AA4 /* Loan */ = {
			isa = PBXGroup;
			children = (
				A4A79D052B88DC580099FE1D /* LoanCollectionViewCell.swift */,
				A4A79D032B88D65A0099FE1D /* LoanViewController.swift */,
				A4A79D062B88DC580099FE1D /* LoanCollectionViewCell.xib */,
			);
			path = Loan;
			sourceTree = "<group>";
		};
		A428853F2B8C7FA800902AA4 /* Currencies */ = {
			isa = PBXGroup;
			children = (
				A48A4E422B67DB5D00221B67 /* MoreViewController.swift */,
				A4A79D0D2B8A7E770099FE1D /* MoreTableViewCell.swift */,
			);
			path = Currencies;
			sourceTree = "<group>";
		};
		A42885402B8C7FCE00902AA4 /* Model & Extension & Helper */ = {
			isa = PBXGroup;
			children = (
				A48A4E562B6A766800221B67 /* UserDefaultsHelper.swift */,
				A4EF1D312B713011009EE592 /* Extension.swift */,
				A44B92FA2B63C863002060A5 /* Users.swift */,
				A4A79D092B891DEA0099FE1D /* LoanModel.swift */,
				A4A79CF72B81F8450099FE1D /* Card.swift */,
			);
			path = "Model & Extension & Helper";
			sourceTree = "<group>";
		};
		A42885422B8C802300902AA4 /* Card */ = {
			isa = PBXGroup;
			children = (
				A48A4E4E2B6A67AA00221B67 /* MainCollectionViewCell.swift */,
				A48A4E522B6A6A7800221B67 /* CardCollectionViewCell.swift */,
				A4A79CF92B81FD0A0099FE1D /* EmptyCardCell.swift */,
				A4A79CFA2B81FD0A0099FE1D /* EmptyCardCell.xib */,
				A48A4E532B6A6A7800221B67 /* CardCollectionViewCell.xib */,
				A48A4E4F2B6A67AA00221B67 /* MainCollectionViewCell.xib */,
			);
			path = Card;
			sourceTree = "<group>";
		};
		A44B92CC2B616084002060A5 = {
			isa = PBXGroup;
			children = (
				A44B92D72B616084002060A5 /* bankingAppClass */,
				A44B92D62B616084002060A5 /* Products */,
			);
			sourceTree = "<group>";
		};
		A44B92D62B616084002060A5 /* Products */ = {
			isa = PBXGroup;
			children = (
				A44B92D52B616084002060A5 /* bankingAppClass.app */,
			);
			name = Products;
			sourceTree = "<group>";
		};
		A44B92D72B616084002060A5 /* bankingAppClass */ = {
			isa = PBXGroup;
			children = (
				A44B92D82B616084002060A5 /* AppDelegate.swift */,
				A44B92DA2B616084002060A5 /* SceneDelegate.swift */,
				A44B92DC2B616084002060A5 /* ViewController.swift */,
				A44B92E62B616085002060A5 /* LaunchScreen.storyboard */,
				A48A4E442B67DCE900221B67 /* TabBarViewController.swift */,
				A48A4E402B67DB4800221B67 /* HomeViewController.swift */,
				A428853F2B8C7FA800902AA4 /* Currencies */,
				A42885422B8C802300902AA4 /* Card */,
				A42885402B8C7FCE00902AA4 /* Model & Extension & Helper */,
				A428853E2B8C7F6D00902AA4 /* Loan */,
				A428853C2B8C7EE700902AA4 /* QuickAcrion */,
				A48A4E662B703A9200221B67 /* Transfer */,
				A428853D2B8C7F3000902AA4 /* Auth */,
				A48A4E3E2B67DAEC00221B67 /* App.storyboard */,
				A44B92E42B616085002060A5 /* Assets.xcassets */,
				A44B92E92B616085002060A5 /* Info.plist */,
			);
			path = bankingAppClass;
			sourceTree = "<group>";
		};
		A48A4E662B703A9200221B67 /* Transfer */ = {
			isa = PBXGroup;
			children = (
				A48A4E622B70363800221B67 /* TransferViewController.swift */,
				A48A4E632B70363800221B67 /* TransferViewController.xib */,
			);
			path = Transfer;
			sourceTree = "<group>";
		};
/* End PBXGroup section */

/* Begin PBXNativeTarget section */
		A44B92D42B616084002060A5 /* bankingAppClass */ = {
			isa = PBXNativeTarget;
			buildConfigurationList = A44B92EC2B616085002060A5 /* Build configuration list for PBXNativeTarget "bankingAppClass" */;
			buildPhases = (
				A44B92D12B616084002060A5 /* Sources */,
				A44B92D22B616084002060A5 /* Frameworks */,
				A44B92D32B616084002060A5 /* Resources */,
			);
			buildRules = (
			);
			dependencies = (
			);
			name = bankingAppClass;
			packageProductDependencies = (
				A44B92F62B63B7A1002060A5 /* Realm */,
				A44B92F82B63B7A1002060A5 /* RealmSwift */,
				A4A79D122B8A92EE0099FE1D /* SWXMLHash */,
			);
			productName = bankingAppClass;
			productReference = A44B92D52B616084002060A5 /* bankingAppClass.app */;
			productType = "com.apple.product-type.application";
		};
/* End PBXNativeTarget section */

/* Begin PBXProject section */
		A44B92CD2B616084002060A5 /* Project object */ = {
			isa = PBXProject;
			attributes = {
				BuildIndependentTargetsInParallel = 1;
				LastSwiftUpdateCheck = 1500;
				LastUpgradeCheck = 1500;
				TargetAttributes = {
					A44B92D42B616084002060A5 = {
						CreatedOnToolsVersion = 15.0.1;
					};
				};
			};
			buildConfigurationList = A44B92D02B616084002060A5 /* Build configuration list for PBXProject "bankingAppClass" */;
			compatibilityVersion = "Xcode 14.0";
			developmentRegion = en;
			hasScannedForEncodings = 0;
			knownRegions = (
				en,
				Base,
			);
			mainGroup = A44B92CC2B616084002060A5;
			packageReferences = (
				A44B92F52B63B7A1002060A5 /* XCRemoteSwiftPackageReference "realm-swift" */,
				A4A79D112B8A92EE0099FE1D /* XCRemoteSwiftPackageReference "SWXMLHash" */,
			);
			productRefGroup = A44B92D62B616084002060A5 /* Products */;
			projectDirPath = "";
			projectRoot = "";
			targets = (
				A44B92D42B616084002060A5 /* bankingAppClass */,
			);
		};
/* End PBXProject section */

/* Begin PBXResourcesBuildPhase section */
		A44B92D32B616084002060A5 /* Resources */ = {
			isa = PBXResourcesBuildPhase;
			buildActionMask = 2147483647;
			files = (
				A44B92E82B616085002060A5 /* LaunchScreen.storyboard in Resources */,
				A44B92E52B616085002060A5 /* Assets.xcassets in Resources */,
				A48A4E3F2B67DAEC00221B67 /* App.storyboard in Resources */,
				A48A4E512B6A67AA00221B67 /* MainCollectionViewCell.xib in Resources */,
				A48A4E5F2B6A956800221B67 /* QuickActionCollectionViewCell.xib in Resources */,
				A4A79D082B88DC580099FE1D /* LoanCollectionViewCell.xib in Resources */,
				A48A4E552B6A6A7800221B67 /* CardCollectionViewCell.xib in Resources */,
				A44B92F22B61628B002060A5 /* Auth.storyboard in Resources */,
				A48A4E5B2B6A935C00221B67 /* QuickActionCell.xib in Resources */,
				A48A4E652B70363800221B67 /* TransferViewController.xib in Resources */,
				A4A79CFC2B81FD0A0099FE1D /* EmptyCardCell.xib in Resources */,
			);
			runOnlyForDeploymentPostprocessing = 0;
		};
/* End PBXResourcesBuildPhase section */

/* Begin PBXSourcesBuildPhase section */
		A44B92D12B616084002060A5 /* Sources */ = {
			isa = PBXSourcesBuildPhase;
			buildActionMask = 2147483647;
			files = (
				A44B92DD2B616084002060A5 /* ViewController.swift in Sources */,
				A4A79D0E2B8A7E770099FE1D /* MoreTableViewCell.swift in Sources */,
				A48A4E642B70363800221B67 /* TransferViewController.swift in Sources */,
				A4A79D002B83B3E10099FE1D /* ActionCellModel.swift in Sources */,
				A4A79D0A2B891DEA0099FE1D /* LoanModel.swift in Sources */,
				A44B92D92B616084002060A5 /* AppDelegate.swift in Sources */,
				A4A79D022B8789F30099FE1D /* AddCardViewController.swift in Sources */,
				A44B92F42B616FC8002060A5 /* RegisterViewController.swift in Sources */,
				A48A4E542B6A6A7800221B67 /* CardCollectionViewCell.swift in Sources */,
				A48A4E5E2B6A956800221B67 /* QuickActionCollectionViewCell.swift in Sources */,
				A44B92F02B61625D002060A5 /* LoginViewController.swift in Sources */,
				A4A79CFB2B81FD0A0099FE1D /* EmptyCardCell.swift in Sources */,
				A4A79D042B88D65A0099FE1D /* LoanViewController.swift in Sources */,
				A4EF1D322B713011009EE592 /* Extension.swift in Sources */,
				A4A79D0C2B8922530099FE1D /* DeleteCardViewController.swift in Sources */,
				A48A4E452B67DCE900221B67 /* TabBarViewController.swift in Sources */,
				A4A79CF82B81F8450099FE1D /* Card.swift in Sources */,
				A4A79D072B88DC580099FE1D /* LoanCollectionViewCell.swift in Sources */,
				A48A4E572B6A766800221B67 /* UserDefaultsHelper.swift in Sources */,
				A44B92FB2B63C863002060A5 /* Users.swift in Sources */,
				A48A4E432B67DB5D00221B67 /* MoreViewController.swift in Sources */,
				A48A4E502B6A67AA00221B67 /* MainCollectionViewCell.swift in Sources */,
				A48A4E5A2B6A935C00221B67 /* QuickActionCell.swift in Sources */,
				A48A4E412B67DB4800221B67 /* HomeViewController.swift in Sources */,
				A44B92DB2B616084002060A5 /* SceneDelegate.swift in Sources */,
			);
			runOnlyForDeploymentPostprocessing = 0;
		};
/* End PBXSourcesBuildPhase section */

/* Begin PBXVariantGroup section */
		A44B92E62B616085002060A5 /* LaunchScreen.storyboard */ = {
			isa = PBXVariantGroup;
			children = (
				A44B92E72B616085002060A5 /* Base */,
			);
			name = LaunchScreen.storyboard;
			sourceTree = "<group>";
		};
/* End PBXVariantGroup section */

/* Begin XCBuildConfiguration section */
		A44B92EA2B616085002060A5 /* Debug */ = {
			isa = XCBuildConfiguration;
			buildSettings = {
				ALWAYS_SEARCH_USER_PATHS = NO;
				ASSETCATALOG_COMPILER_GENERATE_SWIFT_ASSET_SYMBOL_EXTENSIONS = YES;
				CLANG_ANALYZER_NONNULL = YES;
				CLANG_ANALYZER_NUMBER_OBJECT_CONVERSION = YES_AGGRESSIVE;
				CLANG_CXX_LANGUAGE_STANDARD = "gnu++20";
				CLANG_ENABLE_MODULES = YES;
				CLANG_ENABLE_OBJC_ARC = YES;
				CLANG_ENABLE_OBJC_WEAK = YES;
				CLANG_WARN_BLOCK_CAPTURE_AUTORELEASING = YES;
				CLANG_WARN_BOOL_CONVERSION = YES;
				CLANG_WARN_COMMA = YES;
				CLANG_WARN_CONSTANT_CONVERSION = YES;
				CLANG_WARN_DEPRECATED_OBJC_IMPLEMENTATIONS = YES;
				CLANG_WARN_DIRECT_OBJC_ISA_USAGE = YES_ERROR;
				CLANG_WARN_DOCUMENTATION_COMMENTS = YES;
				CLANG_WARN_EMPTY_BODY = YES;
				CLANG_WARN_ENUM_CONVERSION = YES;
				CLANG_WARN_INFINITE_RECURSION = YES;
				CLANG_WARN_INT_CONVERSION = YES;
				CLANG_WARN_NON_LITERAL_NULL_CONVERSION = YES;
				CLANG_WARN_OBJC_IMPLICIT_RETAIN_SELF = YES;
				CLANG_WARN_OBJC_LITERAL_CONVERSION = YES;
				CLANG_WARN_OBJC_ROOT_CLASS = YES_ERROR;
				CLANG_WARN_QUOTED_INCLUDE_IN_FRAMEWORK_HEADER = YES;
				CLANG_WARN_RANGE_LOOP_ANALYSIS = YES;
				CLANG_WARN_STRICT_PROTOTYPES = YES;
				CLANG_WARN_SUSPICIOUS_MOVE = YES;
				CLANG_WARN_UNGUARDED_AVAILABILITY = YES_AGGRESSIVE;
				CLANG_WARN_UNREACHABLE_CODE = YES;
				CLANG_WARN__DUPLICATE_METHOD_MATCH = YES;
				COPY_PHASE_STRIP = NO;
				DEBUG_INFORMATION_FORMAT = dwarf;
				ENABLE_STRICT_OBJC_MSGSEND = YES;
				ENABLE_TESTABILITY = YES;
				ENABLE_USER_SCRIPT_SANDBOXING = YES;
				GCC_C_LANGUAGE_STANDARD = gnu17;
				GCC_DYNAMIC_NO_PIC = NO;
				GCC_NO_COMMON_BLOCKS = YES;
				GCC_OPTIMIZATION_LEVEL = 0;
				GCC_PREPROCESSOR_DEFINITIONS = (
					"DEBUG=1",
					"$(inherited)",
				);
				GCC_WARN_64_TO_32_BIT_CONVERSION = YES;
				GCC_WARN_ABOUT_RETURN_TYPE = YES_ERROR;
				GCC_WARN_UNDECLARED_SELECTOR = YES;
				GCC_WARN_UNINITIALIZED_AUTOS = YES_AGGRESSIVE;
				GCC_WARN_UNUSED_FUNCTION = YES;
				GCC_WARN_UNUSED_VARIABLE = YES;
				IPHONEOS_DEPLOYMENT_TARGET = 17.0;
				LOCALIZATION_PREFERS_STRING_CATALOGS = YES;
				MTL_ENABLE_DEBUG_INFO = INCLUDE_SOURCE;
				MTL_FAST_MATH = YES;
				ONLY_ACTIVE_ARCH = YES;
				SDKROOT = iphoneos;
				SWIFT_ACTIVE_COMPILATION_CONDITIONS = "DEBUG $(inherited)";
				SWIFT_OPTIMIZATION_LEVEL = "-Onone";
			};
			name = Debug;
		};
		A44B92EB2B616085002060A5 /* Release */ = {
			isa = XCBuildConfiguration;
			buildSettings = {
				ALWAYS_SEARCH_USER_PATHS = NO;
				ASSETCATALOG_COMPILER_GENERATE_SWIFT_ASSET_SYMBOL_EXTENSIONS = YES;
				CLANG_ANALYZER_NONNULL = YES;
				CLANG_ANALYZER_NUMBER_OBJECT_CONVERSION = YES_AGGRESSIVE;
				CLANG_CXX_LANGUAGE_STANDARD = "gnu++20";
				CLANG_ENABLE_MODULES = YES;
				CLANG_ENABLE_OBJC_ARC = YES;
				CLANG_ENABLE_OBJC_WEAK = YES;
				CLANG_WARN_BLOCK_CAPTURE_AUTORELEASING = YES;
				CLANG_WARN_BOOL_CONVERSION = YES;
				CLANG_WARN_COMMA = YES;
				CLANG_WARN_CONSTANT_CONVERSION = YES;
				CLANG_WARN_DEPRECATED_OBJC_IMPLEMENTATIONS = YES;
				CLANG_WARN_DIRECT_OBJC_ISA_USAGE = YES_ERROR;
				CLANG_WARN_DOCUMENTATION_COMMENTS = YES;
				CLANG_WARN_EMPTY_BODY = YES;
				CLANG_WARN_ENUM_CONVERSION = YES;
				CLANG_WARN_INFINITE_RECURSION = YES;
				CLANG_WARN_INT_CONVERSION = YES;
				CLANG_WARN_NON_LITERAL_NULL_CONVERSION = YES;
				CLANG_WARN_OBJC_IMPLICIT_RETAIN_SELF = YES;
				CLANG_WARN_OBJC_LITERAL_CONVERSION = YES;
				CLANG_WARN_OBJC_ROOT_CLASS = YES_ERROR;
				CLANG_WARN_QUOTED_INCLUDE_IN_FRAMEWORK_HEADER = YES;
				CLANG_WARN_RANGE_LOOP_ANALYSIS = YES;
				CLANG_WARN_STRICT_PROTOTYPES = YES;
				CLANG_WARN_SUSPICIOUS_MOVE = YES;
				CLANG_WARN_UNGUARDED_AVAILABILITY = YES_AGGRESSIVE;
				CLANG_WARN_UNREACHABLE_CODE = YES;
				CLANG_WARN__DUPLICATE_METHOD_MATCH = YES;
				COPY_PHASE_STRIP = NO;
				DEBUG_INFORMATION_FORMAT = "dwarf-with-dsym";
				ENABLE_NS_ASSERTIONS = NO;
				ENABLE_STRICT_OBJC_MSGSEND = YES;
				ENABLE_USER_SCRIPT_SANDBOXING = YES;
				GCC_C_LANGUAGE_STANDARD = gnu17;
				GCC_NO_COMMON_BLOCKS = YES;
				GCC_WARN_64_TO_32_BIT_CONVERSION = YES;
				GCC_WARN_ABOUT_RETURN_TYPE = YES_ERROR;
				GCC_WARN_UNDECLARED_SELECTOR = YES;
				GCC_WARN_UNINITIALIZED_AUTOS = YES_AGGRESSIVE;
				GCC_WARN_UNUSED_FUNCTION = YES;
				GCC_WARN_UNUSED_VARIABLE = YES;
				IPHONEOS_DEPLOYMENT_TARGET = 17.0;
				LOCALIZATION_PREFERS_STRING_CATALOGS = YES;
				MTL_ENABLE_DEBUG_INFO = NO;
				MTL_FAST_MATH = YES;
				SDKROOT = iphoneos;
				SWIFT_COMPILATION_MODE = wholemodule;
				VALIDATE_PRODUCT = YES;
			};
			name = Release;
		};
		A44B92ED2B616085002060A5 /* Debug */ = {
			isa = XCBuildConfiguration;
			buildSettings = {
				ASSETCATALOG_COMPILER_APPICON_NAME = AppIcon;
				ASSETCATALOG_COMPILER_GLOBAL_ACCENT_COLOR_NAME = AccentColor;
				CODE_SIGN_STYLE = Automatic;
				CURRENT_PROJECT_VERSION = 1;
				DEVELOPMENT_TEAM = DZ72YP2SQU;
				GENERATE_INFOPLIST_FILE = YES;
				INFOPLIST_FILE = bankingAppClass/Info.plist;
				INFOPLIST_KEY_UIApplicationSupportsIndirectInputEvents = YES;
				INFOPLIST_KEY_UILaunchStoryboardName = LaunchScreen;
				INFOPLIST_KEY_UISupportedInterfaceOrientations_iPad = "UIInterfaceOrientationPortrait UIInterfaceOrientationPortraitUpsideDown UIInterfaceOrientationLandscapeLeft UIInterfaceOrientationLandscapeRight";
				INFOPLIST_KEY_UISupportedInterfaceOrientations_iPhone = "UIInterfaceOrientationPortrait UIInterfaceOrientationLandscapeLeft UIInterfaceOrientationLandscapeRight";
				LD_RUNPATH_SEARCH_PATHS = (
					"$(inherited)",
					"@executable_path/Frameworks",
				);
				MARKETING_VERSION = 1.0;
				PRODUCT_BUNDLE_IDENTIFIER = test1.com.atl.bankingAppClass;
				PRODUCT_NAME = "$(TARGET_NAME)";
				SWIFT_EMIT_LOC_STRINGS = YES;
				SWIFT_VERSION = 5.0;
				TARGETED_DEVICE_FAMILY = "1,2";
			};
			name = Debug;
		};
		A44B92EE2B616085002060A5 /* Release */ = {
			isa = XCBuildConfiguration;
			buildSettings = {
				ASSETCATALOG_COMPILER_APPICON_NAME = AppIcon;
				ASSETCATALOG_COMPILER_GLOBAL_ACCENT_COLOR_NAME = AccentColor;
				CODE_SIGN_STYLE = Automatic;
				CURRENT_PROJECT_VERSION = 1;
				DEVELOPMENT_TEAM = DZ72YP2SQU;
				GENERATE_INFOPLIST_FILE = YES;
				INFOPLIST_FILE = bankingAppClass/Info.plist;
				INFOPLIST_KEY_UIApplicationSupportsIndirectInputEvents = YES;
				INFOPLIST_KEY_UILaunchStoryboardName = LaunchScreen;
				INFOPLIST_KEY_UISupportedInterfaceOrientations_iPad = "UIInterfaceOrientationPortrait UIInterfaceOrientationPortraitUpsideDown UIInterfaceOrientationLandscapeLeft UIInterfaceOrientationLandscapeRight";
				INFOPLIST_KEY_UISupportedInterfaceOrientations_iPhone = "UIInterfaceOrientationPortrait UIInterfaceOrientationLandscapeLeft UIInterfaceOrientationLandscapeRight";
				LD_RUNPATH_SEARCH_PATHS = (
					"$(inherited)",
					"@executable_path/Frameworks",
				);
				MARKETING_VERSION = 1.0;
				PRODUCT_BUNDLE_IDENTIFIER = test1.com.atl.bankingAppClass;
				PRODUCT_NAME = "$(TARGET_NAME)";
				SWIFT_EMIT_LOC_STRINGS = YES;
				SWIFT_VERSION = 5.0;
				TARGETED_DEVICE_FAMILY = "1,2";
			};
			name = Release;
		};
/* End XCBuildConfiguration section */

/* Begin XCConfigurationList section */
		A44B92D02B616084002060A5 /* Build configuration list for PBXProject "bankingAppClass" */ = {
			isa = XCConfigurationList;
			buildConfigurations = (
				A44B92EA2B616085002060A5 /* Debug */,
				A44B92EB2B616085002060A5 /* Release */,
			);
			defaultConfigurationIsVisible = 0;
			defaultConfigurationName = Release;
		};
		A44B92EC2B616085002060A5 /* Build configuration list for PBXNativeTarget "bankingAppClass" */ = {
			isa = XCConfigurationList;
			buildConfigurations = (
				A44B92ED2B616085002060A5 /* Debug */,
				A44B92EE2B616085002060A5 /* Release */,
			);
			defaultConfigurationIsVisible = 0;
			defaultConfigurationName = Release;
		};
/* End XCConfigurationList section */

/* Begin XCRemoteSwiftPackageReference section */
		A44B92F52B63B7A1002060A5 /* XCRemoteSwiftPackageReference "realm-swift" */ = {
			isa = XCRemoteSwiftPackageReference;
			repositoryURL = "https://github.com/realm/realm-swift";
			requirement = {
				branch = master;
				kind = branch;
			};
		};
		A4A79D112B8A92EE0099FE1D /* XCRemoteSwiftPackageReference "SWXMLHash" */ = {
			isa = XCRemoteSwiftPackageReference;
			repositoryURL = "https://github.com/drmohundro/SWXMLHash.git";
			requirement = {
				kind = upToNextMajorVersion;
				minimumVersion = 7.0.2;
			};
		};
/* End XCRemoteSwiftPackageReference section */

/* Begin XCSwiftPackageProductDependency section */
		A44B92F62B63B7A1002060A5 /* Realm */ = {
			isa = XCSwiftPackageProductDependency;
			package = A44B92F52B63B7A1002060A5 /* XCRemoteSwiftPackageReference "realm-swift" */;
			productName = Realm;
		};
		A44B92F82B63B7A1002060A5 /* RealmSwift */ = {
			isa = XCSwiftPackageProductDependency;
			package = A44B92F52B63B7A1002060A5 /* XCRemoteSwiftPackageReference "realm-swift" */;
			productName = RealmSwift;
		};
		A4A79D122B8A92EE0099FE1D /* SWXMLHash */ = {
			isa = XCSwiftPackageProductDependency;
			package = A4A79D112B8A92EE0099FE1D /* XCRemoteSwiftPackageReference "SWXMLHash" */;
			productName = SWXMLHash;
		};
/* End XCSwiftPackageProductDependency section */
	};
	rootObject = A44B92CD2B616084002060A5 /* Project object */;
}
